// !$*UTF8*$!
{
	archiveVersion = 1;
	classes = {
	};
	objectVersion = 55;
	objects = {

/* Begin PBXBuildFile section */
		0403D3F62757D4D200D7DDA7 /* AppDelegate.swift in Sources */ = {isa = PBXBuildFile; fileRef = 0403D3F52757D4D200D7DDA7 /* AppDelegate.swift */; };
		0403D3F82757D4D200D7DDA7 /* SceneDelegate.swift in Sources */ = {isa = PBXBuildFile; fileRef = 0403D3F72757D4D200D7DDA7 /* SceneDelegate.swift */; };
		0403D3FA2757D4D200D7DDA7 /* LogInViewController.swift in Sources */ = {isa = PBXBuildFile; fileRef = 0403D3F92757D4D200D7DDA7 /* LogInViewController.swift */; };
		0403D3FD2757D4D200D7DDA7 /* Main.storyboard in Resources */ = {isa = PBXBuildFile; fileRef = 0403D3FB2757D4D200D7DDA7 /* Main.storyboard */; };
		0403D3FF2757D4D400D7DDA7 /* Assets.xcassets in Resources */ = {isa = PBXBuildFile; fileRef = 0403D3FE2757D4D400D7DDA7 /* Assets.xcassets */; };
		0403D4022757D4D400D7DDA7 /* LaunchScreen.storyboard in Resources */ = {isa = PBXBuildFile; fileRef = 0403D4002757D4D400D7DDA7 /* LaunchScreen.storyboard */; };
		0403D40F2757D5E800D7DDA7 /* Model.swift in Sources */ = {isa = PBXBuildFile; fileRef = 0403D40E2757D5E800D7DDA7 /* Model.swift */; };
		0403D4112757E0C300D7DDA7 /* WelcomeViewController.swift in Sources */ = {isa = PBXBuildFile; fileRef = 0403D4102757E0C300D7DDA7 /* WelcomeViewController.swift */; };
		0403D4132757E0D600D7DDA7 /* UserInfoViewController.swift in Sources */ = {isa = PBXBuildFile; fileRef = 0403D4122757E0D600D7DDA7 /* UserInfoViewController.swift */; };
		0403D4152757E0E200D7DDA7 /* ImageViewController.swift in Sources */ = {isa = PBXBuildFile; fileRef = 0403D4142757E0E200D7DDA7 /* ImageViewController.swift */; };
/* End PBXBuildFile section */

/* Begin PBXFileReference section */
		0403D3F22757D4D200D7DDA7 /* LogInApp3bySeneca.app */ = {isa = PBXFileReference; explicitFileType = wrapper.application; includeInIndex = 0; path = LogInApp3bySeneca.app; sourceTree = BUILT_PRODUCTS_DIR; };
		0403D3F52757D4D200D7DDA7 /* AppDelegate.swift */ = {isa = PBXFileReference; lastKnownFileType = sourcecode.swift; path = AppDelegate.swift; sourceTree = "<group>"; };
		0403D3F72757D4D200D7DDA7 /* SceneDelegate.swift */ = {isa = PBXFileReference; lastKnownFileType = sourcecode.swift; path = SceneDelegate.swift; sourceTree = "<group>"; };
		0403D3F92757D4D200D7DDA7 /* LogInViewController.swift */ = {isa = PBXFileReference; lastKnownFileType = sourcecode.swift; path = LogInViewController.swift; sourceTree = "<group>"; };
		0403D3FC2757D4D200D7DDA7 /* Base */ = {isa = PBXFileReference; lastKnownFileType = file.storyboard; name = Base; path = Base.lproj/Main.storyboard; sourceTree = "<group>"; };
		0403D3FE2757D4D400D7DDA7 /* Assets.xcassets */ = {isa = PBXFileReference; lastKnownFileType = folder.assetcatalog; path = Assets.xcassets; sourceTree = "<group>"; };
		0403D4012757D4D400D7DDA7 /* Base */ = {isa = PBXFileReference; lastKnownFileType = file.storyboard; name = Base; path = Base.lproj/LaunchScreen.storyboard; sourceTree = "<group>"; };
		0403D4032757D4D400D7DDA7 /* Info.plist */ = {isa = PBXFileReference; lastKnownFileType = text.plist.xml; path = Info.plist; sourceTree = "<group>"; };
		0403D40E2757D5E800D7DDA7 /* Model.swift */ = {isa = PBXFileReference; lastKnownFileType = sourcecode.swift; path = Model.swift; sourceTree = "<group>"; };
		0403D4102757E0C300D7DDA7 /* WelcomeViewController.swift */ = {isa = PBXFileReference; lastKnownFileType = sourcecode.swift; path = WelcomeViewController.swift; sourceTree = "<group>"; };
		0403D4122757E0D600D7DDA7 /* UserInfoViewController.swift */ = {isa = PBXFileReference; lastKnownFileType = sourcecode.swift; path = UserInfoViewController.swift; sourceTree = "<group>"; };
		0403D4142757E0E200D7DDA7 /* ImageViewController.swift */ = {isa = PBXFileReference; lastKnownFileType = sourcecode.swift; path = ImageViewController.swift; sourceTree = "<group>"; };
/* End PBXFileReference section */

/* Begin PBXFrameworksBuildPhase section */
		0403D3EF2757D4D200D7DDA7 /* Frameworks */ = {
			isa = PBXFrameworksBuildPhase;
			buildActionMask = 2147483647;
			files = (
			);
			runOnlyForDeploymentPostprocessing = 0;
		};
/* End PBXFrameworksBuildPhase section */

/* Begin PBXGroup section */
		0403D3E92757D4D200D7DDA7 = {
			isa = PBXGroup;
			children = (
				0403D3F42757D4D200D7DDA7 /* LogInApp3bySeneca */,
				0403D3F32757D4D200D7DDA7 /* Products */,
			);
			sourceTree = "<group>";
		};
		0403D3F32757D4D200D7DDA7 /* Products */ = {
			isa = PBXGroup;
			children = (
				0403D3F22757D4D200D7DDA7 /* LogInApp3bySeneca.app */,
			);
			name = Products;
			sourceTree = "<group>";
		};
		0403D3F42757D4D200D7DDA7 /* LogInApp3bySeneca */ = {
			isa = PBXGroup;
			children = (
				0403D4092757D4F100D7DDA7 /* Storyboards */,
				0403D40B2757D50800D7DDA7 /* ViewControllers */,
				0403D40A2757D4FE00D7DDA7 /* Sources */,
				0403D40D2757D5C800D7DDA7 /* Models */,
				0403D40C2757D51600D7DDA7 /* Supportings */,
			);
			path = LogInApp3bySeneca;
			sourceTree = "<group>";
		};
		0403D4092757D4F100D7DDA7 /* Storyboards */ = {
			isa = PBXGroup;
			children = (
				0403D3FB2757D4D200D7DDA7 /* Main.storyboard */,
				0403D4002757D4D400D7DDA7 /* LaunchScreen.storyboard */,
			);
			path = Storyboards;
			sourceTree = "<group>";
		};
		0403D40A2757D4FE00D7DDA7 /* Sources */ = {
			isa = PBXGroup;
			children = (
				0403D3FE2757D4D400D7DDA7 /* Assets.xcassets */,
			);
			path = Sources;
			sourceTree = "<group>";
		};
		0403D40B2757D50800D7DDA7 /* ViewControllers */ = {
			isa = PBXGroup;
			children = (
				0403D3F92757D4D200D7DDA7 /* LogInViewController.swift */,
				0403D4102757E0C300D7DDA7 /* WelcomeViewController.swift */,
				0403D4122757E0D600D7DDA7 /* UserInfoViewController.swift */,
				0403D4142757E0E200D7DDA7 /* ImageViewController.swift */,
			);
			path = ViewControllers;
			sourceTree = "<group>";
		};
		0403D40C2757D51600D7DDA7 /* Supportings */ = {
			isa = PBXGroup;
			children = (
				0403D3F52757D4D200D7DDA7 /* AppDelegate.swift */,
				0403D3F72757D4D200D7DDA7 /* SceneDelegate.swift */,
				0403D4032757D4D400D7DDA7 /* Info.plist */,
			);
			path = Supportings;
			sourceTree = "<group>";
		};
		0403D40D2757D5C800D7DDA7 /* Models */ = {
			isa = PBXGroup;
			children = (
				0403D40E2757D5E800D7DDA7 /* Model.swift */,
			);
			path = Models;
			sourceTree = "<group>";
		};
/* End PBXGroup section */

/* Begin PBXNativeTarget section */
		0403D3F12757D4D200D7DDA7 /* LogInApp3bySeneca */ = {
			isa = PBXNativeTarget;
			buildConfigurationList = 0403D4062757D4D400D7DDA7 /* Build configuration list for PBXNativeTarget "LogInApp3bySeneca" */;
			buildPhases = (
				0403D3EE2757D4D200D7DDA7 /* Sources */,
				0403D3EF2757D4D200D7DDA7 /* Frameworks */,
				0403D3F02757D4D200D7DDA7 /* Resources */,
			);
			buildRules = (
			);
			dependencies = (
			);
			name = LogInApp3bySeneca;
			productName = LogInApp3bySeneca;
			productReference = 0403D3F22757D4D200D7DDA7 /* LogInApp3bySeneca.app */;
			productType = "com.apple.product-type.application";
		};
/* End PBXNativeTarget section */

/* Begin PBXProject section */
		0403D3EA2757D4D200D7DDA7 /* Project object */ = {
			isa = PBXProject;
			attributes = {
				BuildIndependentTargetsInParallel = 1;
				LastSwiftUpdateCheck = 1310;
				LastUpgradeCheck = 1310;
				TargetAttributes = {
					0403D3F12757D4D200D7DDA7 = {
						CreatedOnToolsVersion = 13.1;
					};
				};
			};
			buildConfigurationList = 0403D3ED2757D4D200D7DDA7 /* Build configuration list for PBXProject "LogInApp3bySeneca" */;
			compatibilityVersion = "Xcode 13.0";
			developmentRegion = en;
			hasScannedForEncodings = 0;
			knownRegions = (
				en,
				Base,
			);
			mainGroup = 0403D3E92757D4D200D7DDA7;
			productRefGroup = 0403D3F32757D4D200D7DDA7 /* Products */;
			projectDirPath = "";
			projectRoot = "";
			targets = (
				0403D3F12757D4D200D7DDA7 /* LogInApp3bySeneca */,
			);
		};
/* End PBXProject section */

/* Begin PBXResourcesBuildPhase section */
		0403D3F02757D4D200D7DDA7 /* Resources */ = {
			isa = PBXResourcesBuildPhase;
			buildActionMask = 2147483647;
			files = (
				0403D4022757D4D400D7DDA7 /* LaunchScreen.storyboard in Resources */,
				0403D3FF2757D4D400D7DDA7 /* Assets.xcassets in Resources */,
				0403D3FD2757D4D200D7DDA7 /* Main.storyboard in Resources */,
			);
			runOnlyForDeploymentPostprocessing = 0;
		};
/* End PBXResourcesBuildPhase section */

/* Begin PBXSourcesBuildPhase section */
		0403D3EE2757D4D200D7DDA7 /* Sources */ = {
			isa = PBXSourcesBuildPhase;
			buildActionMask = 2147483647;
			files = (
				0403D3FA2757D4D200D7DDA7 /* LogInViewController.swift in Sources */,
				0403D4132757E0D600D7DDA7 /* UserInfoViewController.swift in Sources */,
				0403D4112757E0C300D7DDA7 /* WelcomeViewController.swift in Sources */,
				0403D4152757E0E200D7DDA7 /* ImageViewController.swift in Sources */,
				0403D3F62757D4D200D7DDA7 /* AppDelegate.swift in Sources */,
				0403D3F82757D4D200D7DDA7 /* SceneDelegate.swift in Sources */,
				0403D40F2757D5E800D7DDA7 /* Model.swift in Sources */,
			);
			runOnlyForDeploymentPostprocessing = 0;
		};
/* End PBXSourcesBuildPhase section */

/* Begin PBXVariantGroup section */
		0403D3FB2757D4D200D7DDA7 /* Main.storyboard */ = {
			isa = PBXVariantGroup;
			children = (
				0403D3FC2757D4D200D7DDA7 /* Base */,
			);
			name = Main.storyboard;
			sourceTree = "<group>";
		};
		0403D4002757D4D400D7DDA7 /* LaunchScreen.storyboard */ = {
			isa = PBXVariantGroup;
			children = (
				0403D4012757D4D400D7DDA7 /* Base */,
			);
			name = LaunchScreen.storyboard;
			sourceTree = "<group>";
		};
/* End PBXVariantGroup section */

/* Begin XCBuildConfiguration section */
		0403D4042757D4D400D7DDA7 /* Debug */ = {
			isa = XCBuildConfiguration;
			buildSettings = {
				ALWAYS_SEARCH_USER_PATHS = NO;
				CLANG_ANALYZER_NONNULL = YES;
				CLANG_ANALYZER_NUMBER_OBJECT_CONVERSION = YES_AGGRESSIVE;
				CLANG_CXX_LANGUAGE_STANDARD = "gnu++17";
				CLANG_CXX_LIBRARY = "libc++";
				CLANG_ENABLE_MODULES = YES;
				CLANG_ENABLE_OBJC_ARC = YES;
				CLANG_ENABLE_OBJC_WEAK = YES;
				CLANG_WARN_BLOCK_CAPTURE_AUTORELEASING = YES;
				CLANG_WARN_BOOL_CONVERSION = YES;
				CLANG_WARN_COMMA = YES;
				CLANG_WARN_CONSTANT_CONVERSION = YES;
				CLANG_WARN_DEPRECATED_OBJC_IMPLEMENTATIONS = YES;
				CLANG_WARN_DIRECT_OBJC_ISA_USAGE = YES_ERROR;
				CLANG_WARN_DOCUMENTATION_COMMENTS = YES;
				CLANG_WARN_EMPTY_BODY = YES;
				CLANG_WARN_ENUM_CONVERSION = YES;
				CLANG_WARN_INFINITE_RECURSION = YES;
				CLANG_WARN_INT_CONVERSION = YES;
				CLANG_WARN_NON_LITERAL_NULL_CONVERSION = YES;
				CLANG_WARN_OBJC_IMPLICIT_RETAIN_SELF = YES;
				CLANG_WARN_OBJC_LITERAL_CONVERSION = YES;
				CLANG_WARN_OBJC_ROOT_CLASS = YES_ERROR;
				CLANG_WARN_QUOTED_INCLUDE_IN_FRAMEWORK_HEADER = YES;
				CLANG_WARN_RANGE_LOOP_ANALYSIS = YES;
				CLANG_WARN_STRICT_PROTOTYPES = YES;
				CLANG_WARN_SUSPICIOUS_MOVE = YES;
				CLANG_WARN_UNGUARDED_AVAILABILITY = YES_AGGRESSIVE;
				CLANG_WARN_UNREACHABLE_CODE = YES;
				CLANG_WARN__DUPLICATE_METHOD_MATCH = YES;
				COPY_PHASE_STRIP = NO;
				DEBUG_INFORMATION_FORMAT = dwarf;
				ENABLE_STRICT_OBJC_MSGSEND = YES;
				ENABLE_TESTABILITY = YES;
				GCC_C_LANGUAGE_STANDARD = gnu11;
				GCC_DYNAMIC_NO_PIC = NO;
				GCC_NO_COMMON_BLOCKS = YES;
				GCC_OPTIMIZATION_LEVEL = 0;
				GCC_PREPROCESSOR_DEFINITIONS = (
					"DEBUG=1",
					"$(inherited)",
				);
				GCC_WARN_64_TO_32_BIT_CONVERSION = YES;
				GCC_WARN_ABOUT_RETURN_TYPE = YES_ERROR;
				GCC_WARN_UNDECLARED_SELECTOR = YES;
				GCC_WARN_UNINITIALIZED_AUTOS = YES_AGGRESSIVE;
				GCC_WARN_UNUSED_FUNCTION = YES;
				GCC_WARN_UNUSED_VARIABLE = YES;
				IPHONEOS_DEPLOYMENT_TARGET = 15.0;
				MTL_ENABLE_DEBUG_INFO = INCLUDE_SOURCE;
				MTL_FAST_MATH = YES;
				ONLY_ACTIVE_ARCH = YES;
				SDKROOT = iphoneos;
				SWIFT_ACTIVE_COMPILATION_CONDITIONS = DEBUG;
				SWIFT_OPTIMIZATION_LEVEL = "-Onone";
			};
			name = Debug;
		};
		0403D4052757D4D400D7DDA7 /* Release */ = {
			isa = XCBuildConfiguration;
			buildSettings = {
				ALWAYS_SEARCH_USER_PATHS = NO;
				CLANG_ANALYZER_NONNULL = YES;
				CLANG_ANALYZER_NUMBER_OBJECT_CONVERSION = YES_AGGRESSIVE;
				CLANG_CXX_LANGUAGE_STANDARD = "gnu++17";
				CLANG_CXX_LIBRARY = "libc++";
				CLANG_ENABLE_MODULES = YES;
				CLANG_ENABLE_OBJC_ARC = YES;
				CLANG_ENABLE_OBJC_WEAK = YES;
				CLANG_WARN_BLOCK_CAPTURE_AUTORELEASING = YES;
				CLANG_WARN_BOOL_CONVERSION = YES;
				CLANG_WARN_COMMA = YES;
				CLANG_WARN_CONSTANT_CONVERSION = YES;
				CLANG_WARN_DEPRECATED_OBJC_IMPLEMENTATIONS = YES;
				CLANG_WARN_DIRECT_OBJC_ISA_USAGE = YES_ERROR;
				CLANG_WARN_DOCUMENTATION_COMMENTS = YES;
				CLANG_WARN_EMPTY_BODY = YES;
				CLANG_WARN_ENUM_CONVERSION = YES;
				CLANG_WARN_INFINITE_RECURSION = YES;
				CLANG_WARN_INT_CONVERSION = YES;
				CLANG_WARN_NON_LITERAL_NULL_CONVERSION = YES;
				CLANG_WARN_OBJC_IMPLICIT_RETAIN_SELF = YES;
				CLANG_WARN_OBJC_LITERAL_CONVERSION = YES;
				CLANG_WARN_OBJC_ROOT_CLASS = YES_ERROR;
				CLANG_WARN_QUOTED_INCLUDE_IN_FRAMEWORK_HEADER = YES;
				CLANG_WARN_RANGE_LOOP_ANALYSIS = YES;
				CLANG_WARN_STRICT_PROTOTYPES = YES;
				CLANG_WARN_SUSPICIOUS_MOVE = YES;
				CLANG_WARN_UNGUARDED_AVAILABILITY = YES_AGGRESSIVE;
				CLANG_WARN_UNREACHABLE_CODE = YES;
				CLANG_WARN__DUPLICATE_METHOD_MATCH = YES;
				COPY_PHASE_STRIP = NO;
				DEBUG_INFORMATION_FORMAT = "dwarf-with-dsym";
				ENABLE_NS_ASSERTIONS = NO;
				ENABLE_STRICT_OBJC_MSGSEND = YES;
				GCC_C_LANGUAGE_STANDARD = gnu11;
				GCC_NO_COMMON_BLOCKS = YES;
				GCC_WARN_64_TO_32_BIT_CONVERSION = YES;
				GCC_WARN_ABOUT_RETURN_TYPE = YES_ERROR;
				GCC_WARN_UNDECLARED_SELECTOR = YES;
				GCC_WARN_UNINITIALIZED_AUTOS = YES_AGGRESSIVE;
				GCC_WARN_UNUSED_FUNCTION = YES;
				GCC_WARN_UNUSED_VARIABLE = YES;
				IPHONEOS_DEPLOYMENT_TARGET = 15.0;
				MTL_ENABLE_DEBUG_INFO = NO;
				MTL_FAST_MATH = YES;
				SDKROOT = iphoneos;
				SWIFT_COMPILATION_MODE = wholemodule;
				SWIFT_OPTIMIZATION_LEVEL = "-O";
				VALIDATE_PRODUCT = YES;
			};
			name = Release;
		};
		0403D4072757D4D400D7DDA7 /* Debug */ = {
			isa = XCBuildConfiguration;
			buildSettings = {
				ASSETCATALOG_COMPILER_APPICON_NAME = AppIcon;
				ASSETCATALOG_COMPILER_GLOBAL_ACCENT_COLOR_NAME = AccentColor;
				CODE_SIGN_STYLE = Automatic;
				CURRENT_PROJECT_VERSION = 1;
				DEVELOPMENT_TEAM = KGB5T28U9V;
				GENERATE_INFOPLIST_FILE = YES;
				INFOPLIST_FILE = LogInApp3bySeneca/Supportings/Info.plist;
				INFOPLIST_KEY_UIApplicationSupportsIndirectInputEvents = YES;
				INFOPLIST_KEY_UILaunchStoryboardName = LaunchScreen;
				INFOPLIST_KEY_UIMainStoryboardFile = Main;
				INFOPLIST_KEY_UISupportedInterfaceOrientations_iPad = "UIInterfaceOrientationPortrait UIInterfaceOrientationPortraitUpsideDown UIInterfaceOrientationLandscapeLeft UIInterfaceOrientationLandscapeRight";
				INFOPLIST_KEY_UISupportedInterfaceOrientations_iPhone = "UIInterfaceOrientationPortrait UIInterfaceOrientationLandscapeLeft UIInterfaceOrientationLandscapeRight";
				LD_RUNPATH_SEARCH_PATHS = (
					"$(inherited)",
					"@executable_path/Frameworks",
				);
				MARKETING_VERSION = 1.0;
				PRODUCT_BUNDLE_IDENTIFIER = Seneca242.LogInApp3bySeneca;
				PRODUCT_NAME = "$(TARGET_NAME)";
				SWIFT_EMIT_LOC_STRINGS = YES;
				SWIFT_VERSION = 5.0;
				TARGETED_DEVICE_FAMILY = "1,2";
			};
			name = Debug;
		};
		0403D4082757D4D400D7DDA7 /* Release */ = {
			isa = XCBuildConfiguration;
			buildSettings = {
				ASSETCATALOG_COMPILER_APPICON_NAME = AppIcon;
				ASSETCATALOG_COMPILER_GLOBAL_ACCENT_COLOR_NAME = AccentColor;
				CODE_SIGN_STYLE = Automatic;
				CURRENT_PROJECT_VERSION = 1;
				DEVELOPMENT_TEAM = KGB5T28U9V;
				GENERATE_INFOPLIST_FILE = YES;
				INFOPLIST_FILE = LogInApp3bySeneca/Supportings/Info.plist;
				INFOPLIST_KEY_UIApplicationSupportsIndirectInputEvents = YES;
				INFOPLIST_KEY_UILaunchStoryboardName = LaunchScreen;
				INFOPLIST_KEY_UIMainStoryboardFile = Main;
				INFOPLIST_KEY_UISupportedInterfaceOrientations_iPad = "UIInterfaceOrientationPortrait UIInterfaceOrientationPortraitUpsideDown UIInterfaceOrientationLandscapeLeft UIInterfaceOrientationLandscapeRight";
				INFOPLIST_KEY_UISupportedInterfaceOrientations_iPhone = "UIInterfaceOrientationPortrait UIInterfaceOrientationLandscapeLeft UIInterfaceOrientationLandscapeRight";
				LD_RUNPATH_SEARCH_PATHS = (
					"$(inherited)",
					"@executable_path/Frameworks",
				);
				MARKETING_VERSION = 1.0;
				PRODUCT_BUNDLE_IDENTIFIER = Seneca242.LogInApp3bySeneca;
				PRODUCT_NAME = "$(TARGET_NAME)";
				SWIFT_EMIT_LOC_STRINGS = YES;
				SWIFT_VERSION = 5.0;
				TARGETED_DEVICE_FAMILY = "1,2";
			};
			name = Release;
		};
/* End XCBuildConfiguration section */

/* Begin XCConfigurationList section */
		0403D3ED2757D4D200D7DDA7 /* Build configuration list for PBXProject "LogInApp3bySeneca" */ = {
			isa = XCConfigurationList;
			buildConfigurations = (
				0403D4042757D4D400D7DDA7 /* Debug */,
				0403D4052757D4D400D7DDA7 /* Release */,
			);
			defaultConfigurationIsVisible = 0;
			defaultConfigurationName = Release;
		};
		0403D4062757D4D400D7DDA7 /* Build configuration list for PBXNativeTarget "LogInApp3bySeneca" */ = {
			isa = XCConfigurationList;
			buildConfigurations = (
				0403D4072757D4D400D7DDA7 /* Debug */,
				0403D4082757D4D400D7DDA7 /* Release */,
			);
			defaultConfigurationIsVisible = 0;
			defaultConfigurationName = Release;
		};
/* End XCConfigurationList section */
	};
	rootObject = 0403D3EA2757D4D200D7DDA7 /* Project object */;
}
